
Microsoft Visual Studio Solution File, Format Version 12.00
# Visual Studio Version 16
VisualStudioVersion = 16.0.31702.278
MinimumVisualStudioVersion = 10.0.40219.1
Project("{FAE04EC0-301F-11D3-BF4B-00C04F79EFBC}") = "GeomCompAlg", "GeomCompAlg\GeomCompAlg.csproj", "{3C074948-43E6-4A8E-88C5-5098694ECCAE}"
EndProject
Project("{FAE04EC0-301F-11D3-BF4B-00C04F79EFBC}") = "HW02_TriunghilArieMin", "HW02_TriunghilArieMin\HW02_TriunghilArieMin.csproj", "{D765A0D9-F71C-4D2C-B1BF-277548A69ACD}"
EndProject
Project("{FAE04EC0-301F-11D3-BF4B-00C04F79EFBC}") = "HW01_DreptunghiArieMin", "HW01_DreptunghiArieMin\HW01_DreptunghiArieMin.csproj", "{FE91835A-CACB-4841-B69D-1475E1723895}"
EndProject
Project("{FAE04EC0-301F-11D3-BF4B-00C04F79EFBC}") = "HW04_ConvexHull-AlgSimplu", "HW04_ConvexHull-AlgSimplu\HW04_ConvexHull-AlgSimplu.csproj", "{A01C4A19-17E2-4293-AD6B-46133DB44590}"
EndProject
Project("{FAE04EC0-301F-11D3-BF4B-00C04F79EFBC}") = "HW03_CercArieMin", "HW03_CercArieMin\HW03_CercArieMin.csproj", "{273DB274-177C-4426-949C-144D33B7E5C7}"
EndProject
Project("{FAE04EC0-301F-11D3-BF4B-00C04F79EFBC}") = "HW05_ConvexHull_AlgJarvis", "HW05_ConvexHull_AlgJarvis\HW05_ConvexHull_AlgJarvis.csproj", "{D6ED196B-C637-4779-9A5A-CE1295A05D49}"
EndProject
Project("{FAE04EC0-301F-11D3-BF4B-00C04F79EFBC}") = "HW06_DrawPolygon", "HW06_DrawPolygon\HW06_DrawPolygon.csproj", "{648685A3-6A83-40D2-9565-300FA448D1C5}"
EndProject
Project("{FAE04EC0-301F-11D3-BF4B-00C04F79EFBC}") = "HW06_DrawPolygonV2", "HW06_DrawPolygonV2\HW06_DrawPolygonV2.csproj", "{69FB8F12-6CEF-45C5-981C-A23C8A88D1B7}"
EndProject
Project("{FAE04EC0-301F-11D3-BF4B-00C04F79EFBC}") = "HW06_DrawPolygonV3", "HW06_DrawPolygonV3\HW06_DrawPolygonV3.csproj", "{554711C1-DDFD-4D7E-8E32-A4C70726BDE2}"
EndProject
Project("{FAE04EC0-301F-11D3-BF4B-00C04F79EFBC}") = "HW07_Triangulare_Diagonale", "HW07_Triangulare_Diagonale\HW07_Triangulare_Diagonale.csproj", "{F4BD2D57-9FD8-4E2C-9909-4128C52C3649}"
EndProject
Project("{FAE04EC0-301F-11D3-BF4B-00C04F79EFBC}") = "HW07_Triangulare_DiagonaleV2", "HW07_Triangulare_DiagonaleV2\HW07_Triangulare_DiagonaleV2.csproj", "{1570C80A-4703-4724-8815-44647F042022}"
EndProject
Project("{FAE04EC0-301F-11D3-BF4B-00C04F79EFBC}") = "HW08_Triangulare_Otectomie", "HW08_Triangulare_Otectomie\HW08_Triangulare_Otectomie.csproj", "{5B388EDC-27D3-4FA2-BE1E-E1BA8D432ABA}"
EndProject
Project("{FAE04EC0-301F-11D3-BF4B-00C04F79EFBC}") = "HW09_PartitionarePoligoaneMonotone", "HW09_PartitionarePoligoaneMonotone\HW09_PartitionarePoligoaneMonotone.csproj", "{8DC78E35-9769-4844-8BA9-32BEE99FF317}"
EndProject
Project("{FAE04EC0-301F-11D3-BF4B-00C04F79EFBC}") = "HW10_TriangularePoligonMonoton", "HW10_TriangularePoligonMonoton\HW10_TriangularePoligonMonoton.csproj", "{2C57D043-42C7-4EF7-8395-F3EBDB3CE2B4}"
EndProject
Global
	GlobalSection(SolutionConfigurationPlatforms) = preSolution
		Debug|Any CPU = Debug|Any CPU
		Release|Any CPU = Release|Any CPU
	EndGlobalSection
	GlobalSection(ProjectConfigurationPlatforms) = postSolution
		{3C074948-43E6-4A8E-88C5-5098694ECCAE}.Debug|Any CPU.ActiveCfg = Debug|Any CPU
		{3C074948-43E6-4A8E-88C5-5098694ECCAE}.Debug|Any CPU.Build.0 = Debug|Any CPU
		{3C074948-43E6-4A8E-88C5-5098694ECCAE}.Release|Any CPU.ActiveCfg = Release|Any CPU
		{3C074948-43E6-4A8E-88C5-5098694ECCAE}.Release|Any CPU.Build.0 = Release|Any CPU
		{D765A0D9-F71C-4D2C-B1BF-277548A69ACD}.Debug|Any CPU.ActiveCfg = Debug|Any CPU
		{D765A0D9-F71C-4D2C-B1BF-277548A69ACD}.Debug|Any CPU.Build.0 = Debug|Any CPU
		{D765A0D9-F71C-4D2C-B1BF-277548A69ACD}.Release|Any CPU.ActiveCfg = Release|Any CPU
		{D765A0D9-F71C-4D2C-B1BF-277548A69ACD}.Release|Any CPU.Build.0 = Release|Any CPU
		{FE91835A-CACB-4841-B69D-1475E1723895}.Debug|Any CPU.ActiveCfg = Debug|Any CPU
		{FE91835A-CACB-4841-B69D-1475E1723895}.Debug|Any CPU.Build.0 = Debug|Any CPU
		{FE91835A-CACB-4841-B69D-1475E1723895}.Release|Any CPU.ActiveCfg = Release|Any CPU
		{FE91835A-CACB-4841-B69D-1475E1723895}.Release|Any CPU.Build.0 = Release|Any CPU
		{A01C4A19-17E2-4293-AD6B-46133DB44590}.Debug|Any CPU.ActiveCfg = Debug|Any CPU
		{A01C4A19-17E2-4293-AD6B-46133DB44590}.Debug|Any CPU.Build.0 = Debug|Any CPU
		{A01C4A19-17E2-4293-AD6B-46133DB44590}.Release|Any CPU.ActiveCfg = Release|Any CPU
		{A01C4A19-17E2-4293-AD6B-46133DB44590}.Release|Any CPU.Build.0 = Release|Any CPU
		{273DB274-177C-4426-949C-144D33B7E5C7}.Debug|Any CPU.ActiveCfg = Debug|Any CPU
		{273DB274-177C-4426-949C-144D33B7E5C7}.Debug|Any CPU.Build.0 = Debug|Any CPU
		{273DB274-177C-4426-949C-144D33B7E5C7}.Release|Any CPU.ActiveCfg = Release|Any CPU
		{273DB274-177C-4426-949C-144D33B7E5C7}.Release|Any CPU.Build.0 = Release|Any CPU
		{D6ED196B-C637-4779-9A5A-CE1295A05D49}.Debug|Any CPU.ActiveCfg = Debug|Any CPU
		{D6ED196B-C637-4779-9A5A-CE1295A05D49}.Debug|Any CPU.Build.0 = Debug|Any CPU
		{D6ED196B-C637-4779-9A5A-CE1295A05D49}.Release|Any CPU.ActiveCfg = Release|Any CPU
		{D6ED196B-C637-4779-9A5A-CE1295A05D49}.Release|Any CPU.Build.0 = Release|Any CPU
		{648685A3-6A83-40D2-9565-300FA448D1C5}.Debug|Any CPU.ActiveCfg = Debug|Any CPU
		{648685A3-6A83-40D2-9565-300FA448D1C5}.Debug|Any CPU.Build.0 = Debug|Any CPU
		{648685A3-6A83-40D2-9565-300FA448D1C5}.Release|Any CPU.ActiveCfg = Release|Any CPU
		{648685A3-6A83-40D2-9565-300FA448D1C5}.Release|Any CPU.Build.0 = Release|Any CPU
		{69FB8F12-6CEF-45C5-981C-A23C8A88D1B7}.Debug|Any CPU.ActiveCfg = Debug|Any CPU
		{69FB8F12-6CEF-45C5-981C-A23C8A88D1B7}.Debug|Any CPU.Build.0 = Debug|Any CPU
		{69FB8F12-6CEF-45C5-981C-A23C8A88D1B7}.Release|Any CPU.ActiveCfg = Release|Any CPU
		{69FB8F12-6CEF-45C5-981C-A23C8A88D1B7}.Release|Any CPU.Build.0 = Release|Any CPU
		{554711C1-DDFD-4D7E-8E32-A4C70726BDE2}.Debug|Any CPU.ActiveCfg = Debug|Any CPU
		{554711C1-DDFD-4D7E-8E32-A4C70726BDE2}.Debug|Any CPU.Build.0 = Debug|Any CPU
		{554711C1-DDFD-4D7E-8E32-A4C70726BDE2}.Release|Any CPU.ActiveCfg = Release|Any CPU
		{554711C1-DDFD-4D7E-8E32-A4C70726BDE2}.Release|Any CPU.Build.0 = Release|Any CPU
		{F4BD2D57-9FD8-4E2C-9909-4128C52C3649}.Debug|Any CPU.ActiveCfg = Debug|Any CPU
		{F4BD2D57-9FD8-4E2C-9909-4128C52C3649}.Debug|Any CPU.Build.0 = Debug|Any CPU
		{F4BD2D57-9FD8-4E2C-9909-4128C52C3649}.Release|Any CPU.ActiveCfg = Release|Any CPU
		{F4BD2D57-9FD8-4E2C-9909-4128C52C3649}.Release|Any CPU.Build.0 = Release|Any CPU
		{1570C80A-4703-4724-8815-44647F042022}.Debug|Any CPU.ActiveCfg = Debug|Any CPU
		{1570C80A-4703-4724-8815-44647F042022}.Debug|Any CPU.Build.0 = Debug|Any CPU
		{1570C80A-4703-4724-8815-44647F042022}.Release|Any CPU.ActiveCfg = Release|Any CPU
		{1570C80A-4703-4724-8815-44647F042022}.Release|Any CPU.Build.0 = Release|Any CPU
		{5B388EDC-27D3-4FA2-BE1E-E1BA8D432ABA}.Debug|Any CPU.ActiveCfg = Debug|Any CPU
		{5B388EDC-27D3-4FA2-BE1E-E1BA8D432ABA}.Debug|Any CPU.Build.0 = Debug|Any CPU
		{5B388EDC-27D3-4FA2-BE1E-E1BA8D432ABA}.Release|Any CPU.ActiveCfg = Release|Any CPU
		{5B388EDC-27D3-4FA2-BE1E-E1BA8D432ABA}.Release|Any CPU.Build.0 = Release|Any CPU
		{8DC78E35-9769-4844-8BA9-32BEE99FF317}.Debug|Any CPU.ActiveCfg = Debug|Any CPU
		{8DC78E35-9769-4844-8BA9-32BEE99FF317}.Debug|Any CPU.Build.0 = Debug|Any CPU
		{8DC78E35-9769-4844-8BA9-32BEE99FF317}.Release|Any CPU.ActiveCfg = Release|Any CPU
		{8DC78E35-9769-4844-8BA9-32BEE99FF317}.Release|Any CPU.Build.0 = Release|Any CPU
		{2C57D043-42C7-4EF7-8395-F3EBDB3CE2B4}.Debug|Any CPU.ActiveCfg = Debug|Any CPU
		{2C57D043-42C7-4EF7-8395-F3EBDB3CE2B4}.Debug|Any CPU.Build.0 = Debug|Any CPU
		{2C57D043-42C7-4EF7-8395-F3EBDB3CE2B4}.Release|Any CPU.ActiveCfg = Release|Any CPU
		{2C57D043-42C7-4EF7-8395-F3EBDB3CE2B4}.Release|Any CPU.Build.0 = Release|Any CPU
	EndGlobalSection
	GlobalSection(SolutionProperties) = preSolution
		HideSolutionNode = FALSE
	EndGlobalSection
	GlobalSection(ExtensibilityGlobals) = postSolution
		SolutionGuid = {CB779C20-D391-4785-B0A7-E9B37DE88BB8}
	EndGlobalSection
EndGlobal
